
Microsoft Visual Studio Solution File, Format Version 12.00
# Visual Studio Version 17
VisualStudioVersion = 17.5.002.0
MinimumVisualStudioVersion = 10.0.40219.1
Project("{2150E333-8FDC-42A3-9474-1A3956D46DE8}") = "csharp-prep", "csharp-prep", "{A47A9EB1-3A42-4211-BDE9-68B03D705A3D}"
EndProject
Project("{9A19103F-16F7-4668-BE54-9A1E7A4F7556}") = "Prep1", "csharp-prep\Prep1\Prep1.csproj", "{867FD928-9388-44D2-A83C-9F5A6B4D23A4}"
EndProject
Project("{9A19103F-16F7-4668-BE54-9A1E7A4F7556}") = "Prep2", "csharp-prep\Prep2\Prep2.csproj", "{2E608111-2F6A-4830-947B-C47261E48908}"
EndProject
Project("{9A19103F-16F7-4668-BE54-9A1E7A4F7556}") = "Prep3", "csharp-prep\Prep3\Prep3.csproj", "{1776BA26-192B-453B-996D-743FE2759CA9}"
EndProject
Project("{9A19103F-16F7-4668-BE54-9A1E7A4F7556}") = "Prep4", "csharp-prep\Prep4\Prep4.csproj", "{8B2873D6-C7B8-4320-ADC4-BE0879D44F61}"
EndProject
Project("{9A19103F-16F7-4668-BE54-9A1E7A4F7556}") = "Prep5", "csharp-prep\Prep5\Prep5.csproj", "{F18FA7CC-5296-4496-880F-91C1ADD25377}"
EndProject
Project("{2150E333-8FDC-42A3-9474-1A3956D46DE8}") = "final", "final", "{813EB4D5-D03F-4AAC-A249-F80C85AF7198}"
EndProject
Project("{9A19103F-16F7-4668-BE54-9A1E7A4F7556}") = "FinalProject", "final\FinalProject\FinalProject.csproj", "{3B9D0802-313C-4AF7-A0E8-F3F090E677CF}"
EndProject
Project("{9A19103F-16F7-4668-BE54-9A1E7A4F7556}") = "Foundation1", "final\Foundation1\Foundation1.csproj", "{AB182649-0F66-4FE6-9D56-A43F3F45ABFF}"
EndProject
Project("{9A19103F-16F7-4668-BE54-9A1E7A4F7556}") = "Foundation2", "final\Foundation2\Foundation2.csproj", "{BD872C41-39C8-4786-8237-A97FC11B1D6C}"
EndProject
Project("{9A19103F-16F7-4668-BE54-9A1E7A4F7556}") = "Foundation3", "final\Foundation3\Foundation3.csproj", "{FD8E4A47-CAAF-4DC7-85D3-C214764843D7}"
EndProject
Project("{9A19103F-16F7-4668-BE54-9A1E7A4F7556}") = "Foundation4", "final\Foundation4\Foundation4.csproj", "{F93CF42D-47C8-4DB5-A253-99EF8DC10171}"
EndProject
Project("{2150E333-8FDC-42A3-9474-1A3956D46DE8}") = "prepare", "prepare", "{3A98FED3-E540-44C2-8CBD-DD0195E67502}"
EndProject
Project("{9A19103F-16F7-4668-BE54-9A1E7A4F7556}") = "Learning02", "prepare\Learning02\Learning02.csproj", "{B4738DEC-1732-4BDE-A398-2AC9F193FEC3}"
EndProject
Project("{9A19103F-16F7-4668-BE54-9A1E7A4F7556}") = "Learning03", "prepare\Learning03\Learning03.csproj", "{3535F4CE-D202-4E4D-AF3D-D3D7C25BDD61}"
EndProject
Project("{9A19103F-16F7-4668-BE54-9A1E7A4F7556}") = "Learning04", "prepare\Learning04\Learning04.csproj", "{0666AF38-73EF-4E4C-989B-66A8595465C6}"
EndProject
Project("{9A19103F-16F7-4668-BE54-9A1E7A4F7556}") = "Learning05", "prepare\Learning05\Learning05.csproj", "{899913B1-25B7-4E29-8635-CB8491E4E7DF}"
EndProject
Project("{2150E333-8FDC-42A3-9474-1A3956D46DE8}") = "prove", "prove", "{DC81E968-E26E-4ECD-BC1F-E906C001147D}"
EndProject
Project("{9A19103F-16F7-4668-BE54-9A1E7A4F7556}") = "Develop02", "prove\Develop02\Develop02.csproj", "{3E4FE489-AD0C-42CB-B596-A20F788562C4}"
EndProject
Project("{9A19103F-16F7-4668-BE54-9A1E7A4F7556}") = "Develop03", "prove\Develop03\Develop03.csproj", "{E3DD22CD-1CE8-48FB-9F26-195254DEF9A9}"
EndProject
Project("{9A19103F-16F7-4668-BE54-9A1E7A4F7556}") = "Develop04", "prove\Develop04\Develop04.csproj", "{2388D367-5B87-45A2-90DD-5C0B8883DCA1}"
EndProject
Project("{9A19103F-16F7-4668-BE54-9A1E7A4F7556}") = "Develop05", "prove\Develop05\Develop05.csproj", "{D8FCEAF2-A197-4B22-9109-B0031F78F9FA}"
EndProject
Project("{2150E333-8FDC-42A3-9474-1A3956D46DE8}") = "sandbox", "sandbox", "{802C665F-0FEB-487C-84B0-E4BE212C5A1D}"
EndProject
Project("{9A19103F-16F7-4668-BE54-9A1E7A4F7556}") = "Sandbox", "sandbox\Sandbox\Sandbox.csproj", "{5C1D1BDD-CADE-42AE-B7E8-1E05FC49C1E9}"
EndProject
Global
	GlobalSection(SolutionConfigurationPlatforms) = preSolution
		Debug|Any CPU = Debug|Any CPU
		Release|Any CPU = Release|Any CPU
	EndGlobalSection
	GlobalSection(ProjectConfigurationPlatforms) = postSolution
		{867FD928-9388-44D2-A83C-9F5A6B4D23A4}.Debug|Any CPU.ActiveCfg = Debug|Any CPU
		{867FD928-9388-44D2-A83C-9F5A6B4D23A4}.Debug|Any CPU.Build.0 = Debug|Any CPU
		{867FD928-9388-44D2-A83C-9F5A6B4D23A4}.Release|Any CPU.ActiveCfg = Release|Any CPU
		{867FD928-9388-44D2-A83C-9F5A6B4D23A4}.Release|Any CPU.Build.0 = Release|Any CPU
		{2E608111-2F6A-4830-947B-C47261E48908}.Debug|Any CPU.ActiveCfg = Debug|Any CPU
		{2E608111-2F6A-4830-947B-C47261E48908}.Debug|Any CPU.Build.0 = Debug|Any CPU
		{2E608111-2F6A-4830-947B-C47261E48908}.Release|Any CPU.ActiveCfg = Release|Any CPU
		{2E608111-2F6A-4830-947B-C47261E48908}.Release|Any CPU.Build.0 = Release|Any CPU
		{1776BA26-192B-453B-996D-743FE2759CA9}.Debug|Any CPU.ActiveCfg = Debug|Any CPU
		{1776BA26-192B-453B-996D-743FE2759CA9}.Debug|Any CPU.Build.0 = Debug|Any CPU
		{1776BA26-192B-453B-996D-743FE2759CA9}.Release|Any CPU.ActiveCfg = Release|Any CPU
		{1776BA26-192B-453B-996D-743FE2759CA9}.Release|Any CPU.Build.0 = Release|Any CPU
		{8B2873D6-C7B8-4320-ADC4-BE0879D44F61}.Debug|Any CPU.ActiveCfg = Debug|Any CPU
		{8B2873D6-C7B8-4320-ADC4-BE0879D44F61}.Debug|Any CPU.Build.0 = Debug|Any CPU
		{8B2873D6-C7B8-4320-ADC4-BE0879D44F61}.Release|Any CPU.ActiveCfg = Release|Any CPU
		{8B2873D6-C7B8-4320-ADC4-BE0879D44F61}.Release|Any CPU.Build.0 = Release|Any CPU
		{F18FA7CC-5296-4496-880F-91C1ADD25377}.Debug|Any CPU.ActiveCfg = Debug|Any CPU
		{F18FA7CC-5296-4496-880F-91C1ADD25377}.Debug|Any CPU.Build.0 = Debug|Any CPU
		{F18FA7CC-5296-4496-880F-91C1ADD25377}.Release|Any CPU.ActiveCfg = Release|Any CPU
		{F18FA7CC-5296-4496-880F-91C1ADD25377}.Release|Any CPU.Build.0 = Release|Any CPU
		{3B9D0802-313C-4AF7-A0E8-F3F090E677CF}.Debug|Any CPU.ActiveCfg = Debug|Any CPU
		{3B9D0802-313C-4AF7-A0E8-F3F090E677CF}.Debug|Any CPU.Build.0 = Debug|Any CPU
		{3B9D0802-313C-4AF7-A0E8-F3F090E677CF}.Release|Any CPU.ActiveCfg = Release|Any CPU
		{3B9D0802-313C-4AF7-A0E8-F3F090E677CF}.Release|Any CPU.Build.0 = Release|Any CPU
		{AB182649-0F66-4FE6-9D56-A43F3F45ABFF}.Debug|Any CPU.ActiveCfg = Debug|Any CPU
		{AB182649-0F66-4FE6-9D56-A43F3F45ABFF}.Debug|Any CPU.Build.0 = Debug|Any CPU
		{AB182649-0F66-4FE6-9D56-A43F3F45ABFF}.Release|Any CPU.ActiveCfg = Release|Any CPU
		{AB182649-0F66-4FE6-9D56-A43F3F45ABFF}.Release|Any CPU.Build.0 = Release|Any CPU
		{BD872C41-39C8-4786-8237-A97FC11B1D6C}.Debug|Any CPU.ActiveCfg = Debug|Any CPU
		{BD872C41-39C8-4786-8237-A97FC11B1D6C}.Debug|Any CPU.Build.0 = Debug|Any CPU
		{BD872C41-39C8-4786-8237-A97FC11B1D6C}.Release|Any CPU.ActiveCfg = Release|Any CPU
		{BD872C41-39C8-4786-8237-A97FC11B1D6C}.Release|Any CPU.Build.0 = Release|Any CPU
		{FD8E4A47-CAAF-4DC7-85D3-C214764843D7}.Debug|Any CPU.ActiveCfg = Debug|Any CPU
		{FD8E4A47-CAAF-4DC7-85D3-C214764843D7}.Debug|Any CPU.Build.0 = Debug|Any CPU
		{FD8E4A47-CAAF-4DC7-85D3-C214764843D7}.Release|Any CPU.ActiveCfg = Release|Any CPU
		{FD8E4A47-CAAF-4DC7-85D3-C214764843D7}.Release|Any CPU.Build.0 = Release|Any CPU
		{F93CF42D-47C8-4DB5-A253-99EF8DC10171}.Debug|Any CPU.ActiveCfg = Debug|Any CPU
		{F93CF42D-47C8-4DB5-A253-99EF8DC10171}.Debug|Any CPU.Build.0 = Debug|Any CPU
		{F93CF42D-47C8-4DB5-A253-99EF8DC10171}.Release|Any CPU.ActiveCfg = Release|Any CPU
		{F93CF42D-47C8-4DB5-A253-99EF8DC10171}.Release|Any CPU.Build.0 = Release|Any CPU
		{B4738DEC-1732-4BDE-A398-2AC9F193FEC3}.Debug|Any CPU.ActiveCfg = Debug|Any CPU
		{B4738DEC-1732-4BDE-A398-2AC9F193FEC3}.Debug|Any CPU.Build.0 = Debug|Any CPU
		{B4738DEC-1732-4BDE-A398-2AC9F193FEC3}.Release|Any CPU.ActiveCfg = Release|Any CPU
		{B4738DEC-1732-4BDE-A398-2AC9F193FEC3}.Release|Any CPU.Build.0 = Release|Any CPU
		{3535F4CE-D202-4E4D-AF3D-D3D7C25BDD61}.Debug|Any CPU.ActiveCfg = Debug|Any CPU
		{3535F4CE-D202-4E4D-AF3D-D3D7C25BDD61}.Debug|Any CPU.Build.0 = Debug|Any CPU
		{3535F4CE-D202-4E4D-AF3D-D3D7C25BDD61}.Release|Any CPU.ActiveCfg = Release|Any CPU
		{3535F4CE-D202-4E4D-AF3D-D3D7C25BDD61}.Release|Any CPU.Build.0 = Release|Any CPU
		{0666AF38-73EF-4E4C-989B-66A8595465C6}.Debug|Any CPU.ActiveCfg = Debug|Any CPU
		{0666AF38-73EF-4E4C-989B-66A8595465C6}.Debug|Any CPU.Build.0 = Debug|Any CPU
		{0666AF38-73EF-4E4C-989B-66A8595465C6}.Release|Any CPU.ActiveCfg = Release|Any CPU
		{0666AF38-73EF-4E4C-989B-66A8595465C6}.Release|Any CPU.Build.0 = Release|Any CPU
		{899913B1-25B7-4E29-8635-CB8491E4E7DF}.Debug|Any CPU.ActiveCfg = Debug|Any CPU
		{899913B1-25B7-4E29-8635-CB8491E4E7DF}.Debug|Any CPU.Build.0 = Debug|Any CPU
		{899913B1-25B7-4E29-8635-CB8491E4E7DF}.Release|Any CPU.ActiveCfg = Release|Any CPU
		{899913B1-25B7-4E29-8635-CB8491E4E7DF}.Release|Any CPU.Build.0 = Release|Any CPU
		{3E4FE489-AD0C-42CB-B596-A20F788562C4}.Debug|Any CPU.ActiveCfg = Debug|Any CPU
		{3E4FE489-AD0C-42CB-B596-A20F788562C4}.Debug|Any CPU.Build.0 = Debug|Any CPU
		{3E4FE489-AD0C-42CB-B596-A20F788562C4}.Release|Any CPU.ActiveCfg = Release|Any CPU
		{3E4FE489-AD0C-42CB-B596-A20F788562C4}.Release|Any CPU.Build.0 = Release|Any CPU
		{E3DD22CD-1CE8-48FB-9F26-195254DEF9A9}.Debug|Any CPU.ActiveCfg = Debug|Any CPU
		{E3DD22CD-1CE8-48FB-9F26-195254DEF9A9}.Debug|Any CPU.Build.0 = Debug|Any CPU
		{E3DD22CD-1CE8-48FB-9F26-195254DEF9A9}.Release|Any CPU.ActiveCfg = Release|Any CPU
		{E3DD22CD-1CE8-48FB-9F26-195254DEF9A9}.Release|Any CPU.Build.0 = Release|Any CPU
		{2388D367-5B87-45A2-90DD-5C0B8883DCA1}.Debug|Any CPU.ActiveCfg = Debug|Any CPU
		{2388D367-5B87-45A2-90DD-5C0B8883DCA1}.Debug|Any CPU.Build.0 = Debug|Any CPU
		{2388D367-5B87-45A2-90DD-5C0B8883DCA1}.Release|Any CPU.ActiveCfg = Release|Any CPU
		{2388D367-5B87-45A2-90DD-5C0B8883DCA1}.Release|Any CPU.Build.0 = Release|Any CPU
		{D8FCEAF2-A197-4B22-9109-B0031F78F9FA}.Debug|Any CPU.ActiveCfg = Debug|Any CPU
		{D8FCEAF2-A197-4B22-9109-B0031F78F9FA}.Debug|Any CPU.Build.0 = Debug|Any CPU
		{D8FCEAF2-A197-4B22-9109-B0031F78F9FA}.Release|Any CPU.ActiveCfg = Release|Any CPU
		{D8FCEAF2-A197-4B22-9109-B0031F78F9FA}.Release|Any CPU.Build.0 = Release|Any CPU
		{5C1D1BDD-CADE-42AE-B7E8-1E05FC49C1E9}.Debug|Any CPU.ActiveCfg = Debug|Any CPU
		{5C1D1BDD-CADE-42AE-B7E8-1E05FC49C1E9}.Debug|Any CPU.Build.0 = Debug|Any CPU
		{5C1D1BDD-CADE-42AE-B7E8-1E05FC49C1E9}.Release|Any CPU.ActiveCfg = Release|Any CPU
		{5C1D1BDD-CADE-42AE-B7E8-1E05FC49C1E9}.Release|Any CPU.Build.0 = Release|Any CPU
	EndGlobalSection
	GlobalSection(SolutionProperties) = preSolution
		HideSolutionNode = FALSE
	EndGlobalSection
	GlobalSection(NestedProjects) = preSolution
		{867FD928-9388-44D2-A83C-9F5A6B4D23A4} = {A47A9EB1-3A42-4211-BDE9-68B03D705A3D}
		{2E608111-2F6A-4830-947B-C47261E48908} = {A47A9EB1-3A42-4211-BDE9-68B03D705A3D}
		{1776BA26-192B-453B-996D-743FE2759CA9} = {A47A9EB1-3A42-4211-BDE9-68B03D705A3D}
		{8B2873D6-C7B8-4320-ADC4-BE0879D44F61} = {A47A9EB1-3A42-4211-BDE9-68B03D705A3D}
		{F18FA7CC-5296-4496-880F-91C1ADD25377} = {A47A9EB1-3A42-4211-BDE9-68B03D705A3D}
		{3B9D0802-313C-4AF7-A0E8-F3F090E677CF} = {813EB4D5-D03F-4AAC-A249-F80C85AF7198}
		{AB182649-0F66-4FE6-9D56-A43F3F45ABFF} = {813EB4D5-D03F-4AAC-A249-F80C85AF7198}
		{BD872C41-39C8-4786-8237-A97FC11B1D6C} = {813EB4D5-D03F-4AAC-A249-F80C85AF7198}
		{FD8E4A47-CAAF-4DC7-85D3-C214764843D7} = {813EB4D5-D03F-4AAC-A249-F80C85AF7198}
		{F93CF42D-47C8-4DB5-A253-99EF8DC10171} = {813EB4D5-D03F-4AAC-A249-F80C85AF7198}
		{B4738DEC-1732-4BDE-A398-2AC9F193FEC3} = {3A98FED3-E540-44C2-8CBD-DD0195E67502}
		{3535F4CE-D202-4E4D-AF3D-D3D7C25BDD61} = {3A98FED3-E540-44C2-8CBD-DD0195E67502}
		{0666AF38-73EF-4E4C-989B-66A8595465C6} = {3A98FED3-E540-44C2-8CBD-DD0195E67502}
		{899913B1-25B7-4E29-8635-CB8491E4E7DF} = {3A98FED3-E540-44C2-8CBD-DD0195E67502}
		{3E4FE489-AD0C-42CB-B596-A20F788562C4} = {DC81E968-E26E-4ECD-BC1F-E906C001147D}
		{E3DD22CD-1CE8-48FB-9F26-195254DEF9A9} = {DC81E968-E26E-4ECD-BC1F-E906C001147D}
		{2388D367-5B87-45A2-90DD-5C0B8883DCA1} = {DC81E968-E26E-4ECD-BC1F-E906C001147D}
		{D8FCEAF2-A197-4B22-9109-B0031F78F9FA} = {DC81E968-E26E-4ECD-BC1F-E906C001147D}
		{5C1D1BDD-CADE-42AE-B7E8-1E05FC49C1E9} = {802C665F-0FEB-487C-84B0-E4BE212C5A1D}
	EndGlobalSection
	GlobalSection(ExtensibilityGlobals) = postSolution
		SolutionGuid = {20A558E0-9A9B-4D25-BF44-74B625BD9EAE}
	EndGlobalSection
EndGlobal
